lockfileVersion: '6.0'

dependencies:
  client-oauth2:
    specifier: ^4.3.3
    version: 4.3.3
  clsx:
    specifier: ^1.2.1
    version: 1.2.1
  modern-normalize:
    specifier: ^1.1.0
    version: 1.1.0
  next:
    specifier: ^13.2.4
    version: 13.2.4(react-dom@18.2.0)(react@18.2.0)(sass@1.60.0)
  openid:
    specifier: ^2.0.10
    version: 2.0.10
  react:
    specifier: ^18.2.0
    version: 18.2.0
  react-dom:
    specifier: ^18.2.0
    version: 18.2.0(react@18.2.0)
  sass:
    specifier: ^1.60.0
    version: 1.60.0

devDependencies:
  '@types/node':
    specifier: ^18.15.11
    version: 18.15.11
  '@types/openid':
    specifier: ^2.0.2
    version: 2.0.2
  '@types/react':
    specifier: ^18.0.32
    version: 18.0.32
  '@types/react-dom':
    specifier: ^18.0.11
    version: 18.0.11
  typescript:
    specifier: ^5.0.3
    version: 5.0.3
  typescript-plugin-css-modules:
    specifier: ^5.0.0
    version: 5.0.0(typescript@5.0.3)

packages:

  /@adobe/css-tools@4.2.0:
    resolution: {integrity: sha512-E09FiIft46CmH5Qnjb0wsW54/YQd69LsxeKUOWawmws1XWvyFGURnAChH0mlr7YPFR1ofwvUQfcL0J3lMxXqPA==}
    dev: true

  /@next/env@13.2.4:
    resolution: {integrity: sha512-+Mq3TtpkeeKFZanPturjcXt+KHfKYnLlX6jMLyCrmpq6OOs4i1GqBOAauSkii9QeKCMTYzGppar21JU57b/GEA==}
    dev: false

  /@next/swc-android-arm-eabi@13.2.4:
    resolution: {integrity: sha512-DWlalTSkLjDU11MY11jg17O1gGQzpRccM9Oes2yTqj2DpHndajrXHGxj9HGtJ+idq2k7ImUdJVWS2h2l/EDJOw==}
    engines: {node: '>= 10'}
    cpu: [arm]
    os: [android]
    requiresBuild: true
    dev: false
    optional: true

  /@next/swc-android-arm64@13.2.4:
    resolution: {integrity: sha512-sRavmUImUCf332Gy+PjIfLkMhiRX1Ez4SI+3vFDRs1N5eXp+uNzjFUK/oLMMOzk6KFSkbiK/3Wt8+dHQR/flNg==}
    engines: {node: '>= 10'}
    cpu: [arm64]
    os: [android]
    requiresBuild: true
    dev: false
    optional: true

  /@next/swc-darwin-arm64@13.2.4:
    resolution: {integrity: sha512-S6vBl+OrInP47TM3LlYx65betocKUUlTZDDKzTiRDbsRESeyIkBtZ6Qi5uT2zQs4imqllJznVjFd1bXLx3Aa6A==}
    engines: {node: '>= 10'}
    cpu: [arm64]
    os: [darwin]
    requiresBuild: true
    dev: false
    optional: true

  /@next/swc-darwin-x64@13.2.4:
    resolution: {integrity: sha512-a6LBuoYGcFOPGd4o8TPo7wmv5FnMr+Prz+vYHopEDuhDoMSHOnC+v+Ab4D7F0NMZkvQjEJQdJS3rqgFhlZmKlw==}
    engines: {node: '>= 10'}
    cpu: [x64]
    os: [darwin]
    requiresBuild: true
    dev: false
    optional: true

  /@next/swc-freebsd-x64@13.2.4:
    resolution: {integrity: sha512-kkbzKVZGPaXRBPisoAQkh3xh22r+TD+5HwoC5bOkALraJ0dsOQgSMAvzMXKsN3tMzJUPS0tjtRf1cTzrQ0I5vQ==}
    engines: {node: '>= 10'}
    cpu: [x64]
    os: [freebsd]
    requiresBuild: true
    dev: false
    optional: true

  /@next/swc-linux-arm-gnueabihf@13.2.4:
    resolution: {integrity: sha512-7qA1++UY0fjprqtjBZaOA6cas/7GekpjVsZn/0uHvquuITFCdKGFCsKNBx3S0Rpxmx6WYo0GcmhNRM9ru08BGg==}
    engines: {node: '>= 10'}
    cpu: [arm]
    os: [linux]
    requiresBuild: true
    dev: false
    optional: true

  /@next/swc-linux-arm64-gnu@13.2.4:
    resolution: {integrity: sha512-xzYZdAeq883MwXgcwc72hqo/F/dwUxCukpDOkx/j1HTq/J0wJthMGjinN9wH5bPR98Mfeh1MZJ91WWPnZOedOg==}
    engines: {node: '>= 10'}
    cpu: [arm64]
    os: [linux]
    requiresBuild: true
    dev: false
    optional: true

  /@next/swc-linux-arm64-musl@13.2.4:
    resolution: {integrity: sha512-8rXr3WfmqSiYkb71qzuDP6I6R2T2tpkmf83elDN8z783N9nvTJf2E7eLx86wu2OJCi4T05nuxCsh4IOU3LQ5xw==}
    engines: {node: '>= 10'}
    cpu: [arm64]
    os: [linux]
    requiresBuild: true
    dev: false
    optional: true

  /@next/swc-linux-x64-gnu@13.2.4:
    resolution: {integrity: sha512-Ngxh51zGSlYJ4EfpKG4LI6WfquulNdtmHg1yuOYlaAr33KyPJp4HeN/tivBnAHcZkoNy0hh/SbwDyCnz5PFJQQ==}
    engines: {node: '>= 10'}
    cpu: [x64]
    os: [linux]
    requiresBuild: true
    dev: false
    optional: true

  /@next/swc-linux-x64-musl@13.2.4:
    resolution: {integrity: sha512-gOvwIYoSxd+j14LOcvJr+ekd9fwYT1RyMAHOp7znA10+l40wkFiMONPLWiZuHxfRk+Dy7YdNdDh3ImumvL6VwA==}
    engines: {node: '>= 10'}
    cpu: [x64]
    os: [linux]
    requiresBuild: true
    dev: false
    optional: true

  /@next/swc-win32-arm64-msvc@13.2.4:
    resolution: {integrity: sha512-q3NJzcfClgBm4HvdcnoEncmztxrA5GXqKeiZ/hADvC56pwNALt3ngDC6t6qr1YW9V/EPDxCYeaX4zYxHciW4Dw==}
    engines: {node: '>= 10'}
    cpu: [arm64]
    os: [win32]
    requiresBuild: true
    dev: false
    optional: true

  /@next/swc-win32-ia32-msvc@13.2.4:
    resolution: {integrity: sha512-/eZ5ncmHUYtD2fc6EUmAIZlAJnVT2YmxDsKs1Ourx0ttTtvtma/WKlMV5NoUsyOez0f9ExLyOpeCoz5aj+MPXw==}
    engines: {node: '>= 10'}
    cpu: [ia32]
    os: [win32]
    requiresBuild: true
    dev: false
    optional: true

  /@next/swc-win32-x64-msvc@13.2.4:
    resolution: {integrity: sha512-0MffFmyv7tBLlji01qc0IaPP/LVExzvj7/R5x1Jph1bTAIj4Vu81yFQWHHQAP6r4ff9Ukj1mBK6MDNVXm7Tcvw==}
    engines: {node: '>= 10'}
    cpu: [x64]
    os: [win32]
    requiresBuild: true
    dev: false
    optional: true

  /@servie/events@1.0.0:
    resolution: {integrity: sha512-sBSO19KzdrJCM3gdx6eIxV8M9Gxfgg6iDQmH5TIAGaUu+X9VDdsINXJOnoiZ1Kx3TrHdH4bt5UVglkjsEGBcvw==}
    dev: false

  /@swc/helpers@0.4.14:
    resolution: {integrity: sha512-4C7nX/dvpzB7za4Ql9K81xK3HPxCpHMgwTZVyf+9JQ6VUbn9jjZVN7/Nkdz/Ugzs2CSjqnL/UPXroiVBVHUWUw==}
    dependencies:
      tslib: 2.5.0
    dev: false

  /@types/node@18.15.11:
    resolution: {integrity: sha512-E5Kwq2n4SbMzQOn6wnmBjuK9ouqlURrcZDVfbo9ftDDTFt3nk7ZKK4GMOzoYgnpQJKcxwQw+lGaBvvlMo0qN/Q==}
    dev: true

  /@types/openid@2.0.2:
    resolution: {integrity: sha512-PFLFF6h3n6nsjOC+BBKVDkqGeM+CvYYFHA95Klmg0DOVzuiHEBZFOKoEEubkRMkv/aS684/ww+Gw/2tcBo2n8A==}
    dev: true

  /@types/postcss-modules-local-by-default@4.0.0:
    resolution: {integrity: sha512-0VLab/pcLTLcfbxi6THSIMVYcw9hEUBGvjwwaGpW77mMgRXfGF+a76t7BxTGyLh1y68tBvrffp8UWnqvm76+yg==}
    dependencies:
      postcss: 8.4.21
    dev: true

  /@types/postcss-modules-scope@3.0.1:
    resolution: {integrity: sha512-LNkp3c4ML9EQj2dgslp4i80Jxj72YK3HjYzrTn6ftUVylW1zaKFGqrMlNIyqBmPWmIhZ/Y5r0Y4T49Hk1IuDUg==}
    dependencies:
      postcss: 8.4.21
    dev: true

  /@types/prop-types@15.7.5:
    resolution: {integrity: sha512-JCB8C6SnDoQf0cNycqd/35A7MjcnK+ZTqE7judS6o7utxUCg6imJg3QK2qzHKszlTjcj2cn+NwMB2i96ubpj7w==}
    dev: true

  /@types/react-dom@18.0.11:
    resolution: {integrity: sha512-O38bPbI2CWtgw/OoQoY+BRelw7uysmXbWvw3nLWO21H1HSh+GOlqPuXshJfjmpNlKiiSDG9cc1JZAaMmVdcTlw==}
    dependencies:
      '@types/react': 18.0.32
    dev: true

  /@types/react@18.0.32:
    resolution: {integrity: sha512-gYGXdtPQ9Cj0w2Fwqg5/ak6BcK3Z15YgjSqtyDizWUfx7mQ8drs0NBUzRRsAdoFVTO8kJ8L2TL8Skm7OFPnLUw==}
    dependencies:
      '@types/prop-types': 15.7.5
      '@types/scheduler': 0.16.3
      csstype: 3.1.2
    dev: true

  /@types/scheduler@0.16.3:
    resolution: {integrity: sha512-5cJ8CB4yAx7BH1oMvdU0Jh9lrEXyPkar6F9G/ERswkCuvP4KQZfZkSjcMbAICCpQTN4OuZn8tz0HiKv9TGZgrQ==}
    dev: true

  /@types/tough-cookie@2.3.8:
    resolution: {integrity: sha512-7axfYN8SW9pWg78NgenHasSproWQee5rzyPVLC9HpaQSDgNArsnKJD88EaMfi4Pl48AyciO3agYCFqpHS1gLpg==}
    dev: false

  /anymatch@3.1.3:
    resolution: {integrity: sha512-KMReFUr0B4t+D+OBkjR3KYqvocp2XaSzO55UcB6mgQMd3KbcE+mWTyvVV7D/zsdEbNnV6acZUutkiHQXvTr1Rw==}
    engines: {node: '>= 8'}
    dependencies:
      normalize-path: 3.0.0
      picomatch: 2.3.1

  /axios@0.21.4:
    resolution: {integrity: sha512-ut5vewkiu8jjGBdqpM44XxjuCjq9LAKeHVmoVfHVzy8eHgxxq8SbAVQNovDA8mVi05kP0Ea/n/UzcSHcTJQfNg==}
    dependencies:
      follow-redirects: 1.14.7
    transitivePeerDependencies:
      - debug
    dev: false

  /balanced-match@1.0.2:
    resolution: {integrity: sha512-3oSeUO0TMV67hN1AmbXsK4yaqU7tjiHlbxRDZOpH0KW9+CeX4bRAaX0Anxt0tx2MrpRpWwQaPwIlISEJhYU5Pw==}
    dev: true

  /binary-extensions@2.2.0:
    resolution: {integrity: sha512-jDctJ/IVQbZoJykoeHbhXpOlNBqGNcwXJKJog42E5HDPUwQTSdjCHdihjj0DlnheQ7blbT6dHOafNAiS8ooQKA==}
    engines: {node: '>=8'}

  /brace-expansion@1.1.11:
    resolution: {integrity: sha512-iCuPHDFgrHX7H2vEI/5xpz07zSHB00TpugqhmYtVmMO6518mCuRMoOYFldEBl0g187ufozdaHgWKcYFb61qGiA==}
    dependencies:
      balanced-match: 1.0.2
      concat-map: 0.0.1
    dev: true

  /braces@3.0.2:
    resolution: {integrity: sha512-b8um+L1RzM3WDSzvhm6gIz1yfTbBt6YTlcEKAvsmqCZZFw46z626lVj9j1yEPW33H5H+lBQpZMP1k8l+78Ha0A==}
    engines: {node: '>=8'}
    dependencies:
      fill-range: 7.0.1

  /byte-length@1.0.2:
    resolution: {integrity: sha512-ovBpjmsgd/teRmgcPh23d4gJvxDoXtAzEL9xTfMU8Yc2kqCDb7L9jAG0XHl1nzuGl+h3ebCIF1i62UFyA9V/2Q==}
    dev: false

  /call-bind@1.0.2:
    resolution: {integrity: sha512-7O+FbCihrB5WGbFYesctwmTKae6rOiIzmz1icreWJ+0aA7LJfuqhEso2T9ncpcFtzMQtzXf2QGGueWJGTYsqrA==}
    dependencies:
      function-bind: 1.1.1
      get-intrinsic: 1.1.1
    dev: false

  /caniuse-lite@1.0.30001473:
    resolution: {integrity: sha512-ewDad7+D2vlyy+E4UJuVfiBsU69IL+8oVmTuZnH5Q6CIUbxNfI50uVpRHbUPDD6SUaN2o0Lh4DhTrvLG/Tn1yg==}
    dev: false

  /chokidar@3.5.3:
    resolution: {integrity: sha512-Dr3sfKRP6oTcjf2JmUmFJfeVMvXBdegxB0iVQ5eb2V10uFJUCAS8OByZdVAyVb8xXNz3GjjTgj9kLWsZTqE6kw==}
    engines: {node: '>= 8.10.0'}
    dependencies:
      anymatch: 3.1.3
      braces: 3.0.2
      glob-parent: 5.1.2
      is-binary-path: 2.1.0
      is-glob: 4.0.3
      normalize-path: 3.0.0
      readdirp: 3.6.0
    optionalDependencies:
      fsevents: 2.3.2

  /client-oauth2@4.3.3:
    resolution: {integrity: sha512-k8AvUYJon0vv75ufoVo4nALYb/qwFFicO3I0+39C6xEdflqVtr+f9cy+0ZxAduoVSTfhP5DX2tY2XICAd5hy6Q==}
    engines: {node: '>=4.2.0'}
    dependencies:
      popsicle: 12.1.0
      safe-buffer: 5.2.1
    dev: false

  /client-only@0.0.1:
    resolution: {integrity: sha512-IV3Ou0jSMzZrd3pZ48nLkT9DA7Ag1pnPzaiQhpW7c3RbcqqzvzzVu+L8gfqMp/8IM2MQtSiqaCxrrcfu8I8rMA==}
    dev: false

  /clsx@1.2.1:
    resolution: {integrity: sha512-EcR6r5a8bj6pu3ycsa/E/cKVGuTgZJZdsyUYHOksG/UHIiKfjxzRxYJpyVBwYaQeOvghal9fcc4PidlgzugAQg==}
    engines: {node: '>=6'}
    dev: false

  /concat-map@0.0.1:
    resolution: {integrity: sha512-/Srv4dswyQNBfohGpz9o6Yb3Gz3SrUDqBH5rTuhGR7ahtlbYKnVxw2bCFMRljaA7EXHaXZ8wsHdodFvbkhKmqg==}
    dev: true

  /copy-anything@2.0.6:
    resolution: {integrity: sha512-1j20GZTsvKNkc4BY3NpMOM8tt///wY3FpIzozTOFO2ffuZcV61nojHXVKIy3WM+7ADCy5FVhdZYHYDdgTU0yJw==}
    dependencies:
      is-what: 3.14.1
    dev: true

  /cssesc@3.0.0:
    resolution: {integrity: sha512-/Tb/JcjK111nNScGob5MNtsntNM1aCNUDipB/TkwZFhyDrrE47SOx/18wF2bbjgc3ZzCSKW1T5nt5EbFoAz/Vg==}
    engines: {node: '>=4'}
    hasBin: true
    dev: true

  /csstype@3.1.2:
    resolution: {integrity: sha512-I7K1Uu0MBPzaFKg4nI5Q7Vs2t+3gWWW648spaF+Rg7pI9ds18Ugn+lvg4SHczUdKlHI5LWBXyqfS8+DufyBsgQ==}
    dev: true

  /debug@3.2.7:
    resolution: {integrity: sha512-CFjzYYAi4ThfiQvizrFQevTTXHtnCqWfe7x1AhgEscTz6ZbLbfoLRLPugTQyBth6f8ZERVUSyWHFD/7Wu4t1XQ==}
    peerDependencies:
      supports-color: '*'
    peerDependenciesMeta:
      supports-color:
        optional: true
    dependencies:
      ms: 2.1.3
    dev: true
    optional: true

  /debug@4.3.4:
    resolution: {integrity: sha512-PRWFHuSU3eDtQJPvnNY7Jcket1j0t5OuOsFzPPzsekD52Zl8qUfFIPEiswXqIvHWGVHOgX+7G/vCNNhehwxfkQ==}
    engines: {node: '>=6.0'}
    peerDependencies:
      supports-color: '*'
    peerDependenciesMeta:
      supports-color:
        optional: true
    dependencies:
      ms: 2.1.2
    dev: true

  /dotenv@16.0.3:
    resolution: {integrity: sha512-7GO6HghkA5fYG9TYnNxi14/7K9f5occMlp3zXAuSxn7CKCxt9xbNWG7yF8hTCSUchlfWSe3uLmlPfigevRItzQ==}
    engines: {node: '>=12'}
    dev: true

  /errno@0.1.8:
    resolution: {integrity: sha512-dJ6oBr5SQ1VSd9qkk7ByRgb/1SH4JZjCHSW/mr63/QcXO9zLVxvJ6Oy13nio03rxpSnVDDjFor75SjVeZWPW/A==}
    hasBin: true
    requiresBuild: true
    dependencies:
      prr: 1.0.1
    dev: true
    optional: true

  /fill-range@7.0.1:
    resolution: {integrity: sha512-qOo9F+dMUmC2Lcb4BbVvnKJxTPjCm+RRpe4gDuGrzkL7mEVl/djYSu2OdQ2Pa302N4oqkSg9ir6jaLWJ2USVpQ==}
    engines: {node: '>=8'}
    dependencies:
      to-regex-range: 5.0.1

  /follow-redirects@1.14.7:
    resolution: {integrity: sha512-+hbxoLbFMbRKDwohX8GkTataGqO6Jb7jGwpAlwgy2bIz25XtRm7KEzJM76R1WiNT5SwZkX4Y75SwBolkpmE7iQ==}
    engines: {node: '>=4.0'}
    peerDependencies:
      debug: '*'
    peerDependenciesMeta:
      debug:
        optional: true
    dev: false

  /fs.realpath@1.0.0:
    resolution: {integrity: sha512-OO0pH2lK6a0hZnAdau5ItzHPI6pUlvI7jMVnxUQRtw4owF2wk8lOSabtGDCTP4Ggrg2MbGnWO9X8K1t4+fGMDw==}
    dev: true

  /fsevents@2.3.2:
    resolution: {integrity: sha512-xiqMQR4xAeHTuB9uWm+fFRcIOgKBMiOBP+eXiyT7jsgVCq1bkVygt00oASowB7EdtpOHaaPgKt812P9ab+DDKA==}
    engines: {node: ^8.16.0 || ^10.6.0 || >=11.0.0}
    os: [darwin]
    requiresBuild: true
    optional: true

  /function-bind@1.1.1:
    resolution: {integrity: sha512-yIovAzMX49sF8Yl58fSCWJ5svSLuaibPxXQJFLmBObTuCr0Mf1KiPopGM9NiFjiYBCbfaa2Fh6breQ6ANVTI0A==}
    dev: false

  /get-intrinsic@1.1.1:
    resolution: {integrity: sha512-kWZrnVM42QCiEA2Ig1bG8zjoIMOgxWwYCEeNdwY6Tv/cOSeGpcoX4pXHfKUxNKVoArnrEr2e9srnAxxGIraS9Q==}
    dependencies:
      function-bind: 1.1.1
      has: 1.0.3
      has-symbols: 1.0.2
    dev: false

  /glob-parent@5.1.2:
    resolution: {integrity: sha512-AOIgSQCepiJYwP3ARnGx+5VnTu2HBYdzbGP45eLw1vr3zB3vZLeyed1sC9hnbcOc9/SrMyM5RPQrkGz4aS9Zow==}
    engines: {node: '>= 6'}
    dependencies:
      is-glob: 4.0.3

  /glob@7.2.3:
    resolution: {integrity: sha512-nFR0zLpU2YCaRxwoCJvL6UvCH2JFyFVIvwTLsIf21AuHlMskA1hhTdk+LlYJtOlYt9v6dvszD2BGRqBL+iQK9Q==}
    dependencies:
      fs.realpath: 1.0.0
      inflight: 1.0.6
      inherits: 2.0.4
      minimatch: 3.1.2
      once: 1.4.0
      path-is-absolute: 1.0.1
    dev: true

  /graceful-fs@4.2.11:
    resolution: {integrity: sha512-RbJ5/jmFcNNCcDV5o9eTnBLJ/HszWV0P73bc+Ff4nS/rJj+YaS6IGyiOL0VoBYX+l1Wrl3k63h/KrH+nhJ0XvQ==}
    requiresBuild: true
    dev: true
    optional: true

  /has-symbols@1.0.2:
    resolution: {integrity: sha512-chXa79rL/UC2KlX17jo3vRGz0azaWEx5tGqZg5pO3NUyEJVB17dMruQlzCCOfUvElghKcm5194+BCRvi2Rv/Gw==}
    engines: {node: '>= 0.4'}
    dev: false

  /has@1.0.3:
    resolution: {integrity: sha512-f2dvO0VU6Oej7RkWJGrehjbzMAjFp5/VKPp5tTpWIV4JHHZK1/BxbFRtf/siA2SWTe09caDmVtYYzWEIbBS4zw==}
    engines: {node: '>= 0.4.0'}
    dependencies:
      function-bind: 1.1.1
    dev: false

  /iconv-lite@0.6.3:
    resolution: {integrity: sha512-4fCk79wshMdzMp2rH06qWrJE4iolqLhCUH+OiuIgU++RB0+94NlDL81atO7GX55uUKueo0txHNtvEyI6D7WdMw==}
    engines: {node: '>=0.10.0'}
    dependencies:
      safer-buffer: 2.1.2
    dev: true
    optional: true

  /icss-utils@5.1.0(postcss@8.4.21):
    resolution: {integrity: sha512-soFhflCVWLfRNOPU3iv5Z9VUdT44xFRbzjLsEzSr5AQmgqPMTHdU3PMT1Cf1ssx8fLNJDA1juftYl+PUcv3MqA==}
    engines: {node: ^10 || ^12 || >= 14}
    peerDependencies:
      postcss: ^8.1.0
    dependencies:
      postcss: 8.4.21
    dev: true

  /image-size@0.5.5:
    resolution: {integrity: sha512-6TDAlDPZxUFCv+fuOkIoXT/V/f3Qbq8e37p+YOiYrUv3v9cc3/6x78VdfPgFVaB9dZYeLUfKgHRebpkm/oP2VQ==}
    engines: {node: '>=0.10.0'}
    hasBin: true
    requiresBuild: true
    dev: true
    optional: true

  /immutable@4.3.0:
    resolution: {integrity: sha512-0AOCmOip+xgJwEVTQj1EfiDDOkPmuyllDuTuEX+DDXUgapLAsBIfkg3sxCYyCEA8mQqZrrxPUGjcOQ2JS3WLkg==}

  /inflight@1.0.6:
    resolution: {integrity: sha512-k92I/b08q4wvFscXCLvqfsHCrjrF7yiXsQuIVvVE7N82W3+aqpzuUdBbfhWcy/FZR3/4IgflMgKLOsvPDrGCJA==}
    dependencies:
      once: 1.4.0
      wrappy: 1.0.2
    dev: true

  /inherits@2.0.4:
    resolution: {integrity: sha512-k/vGaX4/Yla3WzyMCvTQOXYeIHvqOKtnqBduzTHpzpQZzAskKMhZ2K+EnBiSM9zGSoIFeMpXKxa4dYeZIQqewQ==}
    dev: true

  /ip-regex@2.1.0:
    resolution: {integrity: sha1-+ni/XS5pE8kRzp+BnuUUa7bYROk=}
    engines: {node: '>=4'}
    dev: false

  /is-binary-path@2.1.0:
    resolution: {integrity: sha512-ZMERYes6pDydyuGidse7OsHxtbI7WVeUEozgR/g7rd0xUimYNlvZRE/K2MgZTjWy725IfelLeVcEM97mmtRGXw==}
    engines: {node: '>=8'}
    dependencies:
      binary-extensions: 2.2.0

  /is-extglob@2.1.1:
    resolution: {integrity: sha512-SbKbANkN603Vi4jEZv49LeVJMn4yGwsbzZworEoyEiutsN3nJYdbO36zfhGJ6QEDpOZIFkDtnq5JRxmvl3jsoQ==}
    engines: {node: '>=0.10.0'}

  /is-glob@4.0.3:
    resolution: {integrity: sha512-xelSayHH36ZgE7ZWhli7pW34hNbNl8Ojv5KVmkJD4hBdD3th8Tfk9vYasLM+mXWOZhFkgZfxhLSnrwRr4elSSg==}
    engines: {node: '>=0.10.0'}
    dependencies:
      is-extglob: 2.1.1

  /is-number@7.0.0:
    resolution: {integrity: sha512-41Cifkg6e8TylSpdtTpeLVMqvSBEVzTttHvERD741+pnZ8ANv0004MRL43QKPDlK9cGvNp6NZWZUBlbGXYxxng==}
    engines: {node: '>=0.12.0'}

  /is-what@3.14.1:
    resolution: {integrity: sha512-sNxgpk9793nzSs7bA6JQJGeIuRBQhAaNGG77kzYQgMkrID+lS6SlK07K5LaptscDlSaIgH+GPFzf+d75FVxozA==}
    dev: true

  /js-tokens@4.0.0:
    resolution: {integrity: sha512-RdJUflcE3cUzKiMqQgsCu06FPu9UdIJO0beYbPhHN4k6apgJtifcoCtT9bcxOpYBtpD2kCM6Sbzg4CausW/PKQ==}
    dev: false

  /json5@2.2.3:
    resolution: {integrity: sha512-XmOWe7eyHYH14cLdVPoyg+GOH3rYX++KpzrylJwSW98t3Nk+U8XOl8FWKOgwtzdb8lXGf6zYwDUzeHMWfxasyg==}
    engines: {node: '>=6'}
    hasBin: true
    dev: true

  /less@4.1.3:
    resolution: {integrity: sha512-w16Xk/Ta9Hhyei0Gpz9m7VS8F28nieJaL/VyShID7cYvP6IL5oHeL6p4TXSDJqZE/lNv0oJ2pGVjJsRkfwm5FA==}
    engines: {node: '>=6'}
    hasBin: true
    dependencies:
      copy-anything: 2.0.6
      parse-node-version: 1.0.1
      tslib: 2.5.0
    optionalDependencies:
      errno: 0.1.8
      graceful-fs: 4.2.11
      image-size: 0.5.5
      make-dir: 2.1.0
      mime: 1.6.0
      needle: 3.2.0
      source-map: 0.6.1
    transitivePeerDependencies:
      - supports-color
    dev: true

  /lilconfig@2.1.0:
    resolution: {integrity: sha512-utWOt/GHzuUxnLKxB6dk81RoOeoNeHgbrXiuGk4yyF5qlRz+iIVWu56E2fqGHFrXz0QNUhLB/8nKqvRH66JKGQ==}
    engines: {node: '>=10'}
    dev: true

  /lodash.camelcase@4.3.0:
    resolution: {integrity: sha512-TwuEnCnxbc3rAvhf/LbG7tJUDzhqXyFnv3dtzLOPgCG/hODL7WFnsbwktkD7yUV0RrreP/l1PALq/YSg6VvjlA==}
    dev: true

  /loose-envify@1.4.0:
    resolution: {integrity: sha512-lyuxPGr/Wfhrlem2CL/UcnUc1zcqKAImBDzukY7Y5F/yQiNdko6+fRLevlw1HgMySw7f611UIY408EtxRSoK3Q==}
    hasBin: true
    dependencies:
      js-tokens: 4.0.0
    dev: false

  /make-dir@2.1.0:
    resolution: {integrity: sha512-LS9X+dc8KLxXCb8dni79fLIIUA5VyZoyjSMCwTluaXA0o27cCK0bhXkpgw+sTXVpPy/lSO57ilRixqk0vDmtRA==}
    engines: {node: '>=6'}
    requiresBuild: true
    dependencies:
      pify: 4.0.1
      semver: 5.7.1
    dev: true
    optional: true

  /make-error-cause@2.3.0:
    resolution: {integrity: sha512-etgt+n4LlOkGSJbBTV9VROHA5R7ekIPS4vfh+bCAoJgRrJWdqJCBbpS3osRJ/HrT7R68MzMiY3L3sDJ/Fd8aBg==}
    dependencies:
      make-error: 1.3.6
    dev: false

  /make-error@1.3.6:
    resolution: {integrity: sha512-s8UhlNe7vPKomQhC1qFelMokr/Sc3AgNbso3n74mVPA5LTZwkB9NlXf4XPamLxJE8h0gh73rM94xvwRT2CVInw==}
    dev: false

  /mime@1.6.0:
    resolution: {integrity: sha512-x0Vn8spI+wuJ1O6S7gnbaQg8Pxh4NNHb7KSINmEWKiPE4RKOplvijn+NkmYmmRgP68mc70j2EbeTFRsrswaQeg==}
    engines: {node: '>=4'}
    hasBin: true
    requiresBuild: true
    dev: true
    optional: true

  /minimatch@3.1.2:
    resolution: {integrity: sha512-J7p63hRiAjw1NDEww1W7i37+ByIrOWO5XQQAzZ3VOcL0PNybwpfmV/N05zFAzwQ9USyEcX6t3UO+K5aqBQOIHw==}
    dependencies:
      brace-expansion: 1.1.11
    dev: true

  /minimist@1.2.8:
    resolution: {integrity: sha512-2yyAR8qBkN3YuheJanUpWC5U3bb5osDywNB8RzDVlDwDHbocAJveqqj1u8+SVD7jkWT4yvsHCpWqqWqAxb0zCA==}
    dev: true

  /modern-normalize@1.1.0:
    resolution: {integrity: sha512-2lMlY1Yc1+CUy0gw4H95uNN7vjbpoED7NNRSBHE25nWfLBdmMzFCsPshlzbxHz+gYMcBEUN8V4pU16prcdPSgA==}
    engines: {node: '>=6'}
    dev: false

  /ms@2.1.2:
    resolution: {integrity: sha512-sGkPx+VjMtmA6MX27oA4FBFELFCZZ4S4XqeGOXCv68tT+jb3vk/RyaKWP0PTKyWtmLSM0b+adUTEvbs1PEaH2w==}
    dev: true

  /ms@2.1.3:
    resolution: {integrity: sha512-6FlzubTLZG3J2a/NVCAleEhjzq5oxgHyaCU9yYXvcLsvoVaHJq/s5xXI6/XXP6tz7R9xAOtHnSO/tXtF3WRTlA==}
    dev: true
    optional: true

  /nanoid@3.3.6:
    resolution: {integrity: sha512-BGcqMMJuToF7i1rt+2PWSNVnWIkGCU78jBG3RxO/bZlnZPK2Cmi2QaffxGO/2RvWi9sL+FAiRiXMgsyxQ1DIDA==}
    engines: {node: ^10 || ^12 || ^13.7 || ^14 || >=15.0.1}
    hasBin: true

  /needle@3.2.0:
    resolution: {integrity: sha512-oUvzXnyLiVyVGoianLijF9O/RecZUf7TkBfimjGrLM4eQhXyeJwM6GeAWccwfQ9aa4gMCZKqhAOuLaMIcQxajQ==}
    engines: {node: '>= 4.4.x'}
    hasBin: true
    requiresBuild: true
    dependencies:
      debug: 3.2.7
      iconv-lite: 0.6.3
      sax: 1.2.4
    transitivePeerDependencies:
      - supports-color
    dev: true
    optional: true

  /next@13.2.4(react-dom@18.2.0)(react@18.2.0)(sass@1.60.0):
    resolution: {integrity: sha512-g1I30317cThkEpvzfXujf0O4wtaQHtDCLhlivwlTJ885Ld+eOgcz7r3TGQzeU+cSRoNHtD8tsJgzxVdYojFssw==}
    engines: {node: '>=14.6.0'}
    hasBin: true
    peerDependencies:
      '@opentelemetry/api': ^1.4.0
      fibers: '>= 3.1.0'
      node-sass: ^6.0.0 || ^7.0.0
      react: ^18.2.0
      react-dom: ^18.2.0
      sass: ^1.3.0
    peerDependenciesMeta:
      '@opentelemetry/api':
        optional: true
      fibers:
        optional: true
      node-sass:
        optional: true
      sass:
        optional: true
    dependencies:
      '@next/env': 13.2.4
      '@swc/helpers': 0.4.14
      caniuse-lite: 1.0.30001473
      postcss: 8.4.14
      react: 18.2.0
      react-dom: 18.2.0(react@18.2.0)
      sass: 1.60.0
      styled-jsx: 5.1.1(react@18.2.0)
    optionalDependencies:
      '@next/swc-android-arm-eabi': 13.2.4
      '@next/swc-android-arm64': 13.2.4
      '@next/swc-darwin-arm64': 13.2.4
      '@next/swc-darwin-x64': 13.2.4
      '@next/swc-freebsd-x64': 13.2.4
      '@next/swc-linux-arm-gnueabihf': 13.2.4
      '@next/swc-linux-arm64-gnu': 13.2.4
      '@next/swc-linux-arm64-musl': 13.2.4
      '@next/swc-linux-x64-gnu': 13.2.4
      '@next/swc-linux-x64-musl': 13.2.4
      '@next/swc-win32-arm64-msvc': 13.2.4
      '@next/swc-win32-ia32-msvc': 13.2.4
      '@next/swc-win32-x64-msvc': 13.2.4
    transitivePeerDependencies:
      - '@babel/core'
      - babel-plugin-macros
    dev: false

  /normalize-path@3.0.0:
    resolution: {integrity: sha512-6eZs5Ls3WtCisHWp9S2GUy8dqkpGi4BVSz3GaqiE6ezub0512ESztXUwUB6C6IKbQkY2Pnb/mD4WYojCRwcwLA==}
    engines: {node: '>=0.10.0'}

  /object-inspect@1.12.0:
    resolution: {integrity: sha512-Ho2z80bVIvJloH+YzRmpZVQe87+qASmBUKZDWgx9cu+KDrX2ZDH/3tMy+gXbZETVGs2M8YdxObOh7XAtim9Y0g==}
    dev: false

  /once@1.4.0:
    resolution: {integrity: sha512-lNaJgI+2Q5URQBkccEKHTQOPaXdUxnZZElQTZY0MFUAuaEqe1E+Nyvgdz/aIyNi6Z9MzO5dv1H8n58/GELp3+w==}
    dependencies:
      wrappy: 1.0.2
    dev: true

  /openid@2.0.10:
    resolution: {integrity: sha512-EFTQ61/OUVhCeq78Y3rBpdKSuvgb0lwkU8nN4QTdcv0afc5MT7e4IVuZwgkMsgE993dmhbIhkxHFP3iTVJXWmw==}
    engines: {node: '>= 0.6.0'}
    dependencies:
      axios: 0.21.4
      qs: 6.10.3
    transitivePeerDependencies:
      - debug
    dev: false

  /parse-node-version@1.0.1:
    resolution: {integrity: sha512-3YHlOa/JgH6Mnpr05jP9eDG254US9ek25LyIxZlDItp2iJtwyaXQb57lBYLdT3MowkUFYEV2XXNAYIPlESvJlA==}
    engines: {node: '>= 0.10'}
    dev: true

  /path-is-absolute@1.0.1:
    resolution: {integrity: sha512-AVbw3UJ2e9bq64vSaS9Am0fje1Pa8pbGqTTsmXfaIiMpnr5DlDhfJOuLj9Sf95ZPVDAUerDfEk88MPmPe7UCQg==}
    engines: {node: '>=0.10.0'}
    dev: true

  /picocolors@1.0.0:
    resolution: {integrity: sha512-1fygroTLlHu66zi26VoTDv8yRgm0Fccecssto+MhsZ0D/DGW2sm8E8AjW7NU5VVTRt5GxbeZ5qBuJr+HyLYkjQ==}

  /picomatch@2.3.1:
    resolution: {integrity: sha512-JU3teHTNjmE2VCGFzuY8EXzCDVwEqB2a8fsIvwaStHhAWJEeVd1o1QD80CU6+ZdEXXSLbSsuLwJjkCBWqRQUVA==}
    engines: {node: '>=8.6'}

  /pify@4.0.1:
    resolution: {integrity: sha512-uB80kBFb/tfd68bVleG9T5GGsGPjJrLAUpR5PZIrhBnIaRTQRjqdJSsIKkOP6OAIFbj7GOrcudc5pNjZ+geV2g==}
    engines: {node: '>=6'}
    dev: true
    optional: true

  /popsicle-content-encoding@1.0.0(servie@4.3.3):
    resolution: {integrity: sha512-4Df+vTfM8wCCJVTzPujiI6eOl3SiWQkcZg0AMrOkD1enMXsF3glIkFUZGvour1Sj7jOWCsNSEhBxpbbhclHhzw==}
    peerDependencies:
      servie: ^4.0.0
    dependencies:
      servie: 4.3.3
    dev: false

  /popsicle-cookie-jar@1.0.0(servie@4.3.3):
    resolution: {integrity: sha512-vrlOGvNVELko0+J8NpGC5lHWDGrk8LQJq9nwAMIVEVBfN1Lib3BLxAaLRGDTuUnvl45j5N9dT2H85PULz6IjjQ==}
    peerDependencies:
      servie: ^4.0.0
    dependencies:
      '@types/tough-cookie': 2.3.8
      servie: 4.3.3
      tough-cookie: 3.0.1
    dev: false

  /popsicle-redirects@1.1.0(servie@4.3.3):
    resolution: {integrity: sha512-XCpzVjVk7tty+IJnSdqWevmOr1n8HNDhL86v7mZ6T1JIIf2KGybxUk9mm7ZFOhWMkGB0e8XkacHip7BV8AQWQA==}
    peerDependencies:
      servie: ^4.1.0
    dependencies:
      servie: 4.3.3
    dev: false

  /popsicle-transport-http@1.2.1(servie@4.3.3):
    resolution: {integrity: sha512-i5r3IGHkGiBDm1oPFvOfEeSGWR0lQJcsdTqwvvDjXqcTHYJJi4iSi3ecXIttDiTBoBtRAFAE9nF91fspQr63FQ==}
    peerDependencies:
      servie: ^4.2.0
    dependencies:
      make-error-cause: 2.3.0
      servie: 4.3.3
    dev: false

  /popsicle-transport-xhr@2.0.0(servie@4.3.3):
    resolution: {integrity: sha512-5Sbud4Widngf1dodJE5cjEYXkzEUIl8CzyYRYR57t6vpy9a9KPGQX6KBKdPjmBZlR5A06pOBXuJnVr23l27rtA==}
    peerDependencies:
      servie: ^4.2.0
    dependencies:
      servie: 4.3.3
    dev: false

  /popsicle-user-agent@1.0.0(servie@4.3.3):
    resolution: {integrity: sha512-epKaq3TTfTzXcxBxjpoKYMcTTcAX8Rykus6QZu77XNhJuRHSRxMd+JJrbX/3PFI0opFGSN0BabbAYCbGxbu0mA==}
    peerDependencies:
      servie: ^4.0.0
    dependencies:
      servie: 4.3.3
    dev: false

  /popsicle@12.1.0:
    resolution: {integrity: sha512-muNC/cIrWhfR6HqqhHazkxjob3eyECBe8uZYSQ/N5vixNAgssacVleerXnE8Are5fspR0a+d2qWaBR1g7RYlmw==}
    dependencies:
      popsicle-content-encoding: 1.0.0(servie@4.3.3)
      popsicle-cookie-jar: 1.0.0(servie@4.3.3)
      popsicle-redirects: 1.1.0(servie@4.3.3)
      popsicle-transport-http: 1.2.1(servie@4.3.3)
      popsicle-transport-xhr: 2.0.0(servie@4.3.3)
      popsicle-user-agent: 1.0.0(servie@4.3.3)
      servie: 4.3.3
      throwback: 4.1.0
    dev: false

  /postcss-load-config@3.1.4(postcss@8.4.21):
    resolution: {integrity: sha512-6DiM4E7v4coTE4uzA8U//WhtPwyhiim3eyjEMFCnUpzbrkK9wJHgKDT2mR+HbtSrd/NubVaYTOpSpjUl8NQeRg==}
    engines: {node: '>= 10'}
    peerDependencies:
      postcss: '>=8.0.9'
      ts-node: '>=9.0.0'
    peerDependenciesMeta:
      postcss:
        optional: true
      ts-node:
        optional: true
    dependencies:
      lilconfig: 2.1.0
      postcss: 8.4.21
      yaml: 1.10.2
    dev: true

  /postcss-modules-extract-imports@3.0.0(postcss@8.4.21):
    resolution: {integrity: sha512-bdHleFnP3kZ4NYDhuGlVK+CMrQ/pqUm8bx/oGL93K6gVwiclvX5x0n76fYMKuIGKzlABOy13zsvqjb0f92TEXw==}
    engines: {node: ^10 || ^12 || >= 14}
    peerDependencies:
      postcss: ^8.1.0
    dependencies:
      postcss: 8.4.21
    dev: true

  /postcss-modules-local-by-default@4.0.0(postcss@8.4.21):
    resolution: {integrity: sha512-sT7ihtmGSF9yhm6ggikHdV0hlziDTX7oFoXtuVWeDd3hHObNkcHRo9V3yg7vCAY7cONyxJC/XXCmmiHHcvX7bQ==}
    engines: {node: ^10 || ^12 || >= 14}
    peerDependencies:
      postcss: ^8.1.0
    dependencies:
      icss-utils: 5.1.0(postcss@8.4.21)
      postcss: 8.4.21
      postcss-selector-parser: 6.0.11
      postcss-value-parser: 4.2.0
    dev: true

  /postcss-modules-scope@3.0.0(postcss@8.4.21):
    resolution: {integrity: sha512-hncihwFA2yPath8oZ15PZqvWGkWf+XUfQgUGamS4LqoP1anQLOsOJw0vr7J7IwLpoY9fatA2qiGUGmuZL0Iqlg==}
    engines: {node: ^10 || ^12 || >= 14}
    peerDependencies:
      postcss: ^8.1.0
    dependencies:
      postcss: 8.4.21
      postcss-selector-parser: 6.0.11
    dev: true

  /postcss-selector-parser@6.0.11:
    resolution: {integrity: sha512-zbARubNdogI9j7WY4nQJBiNqQf3sLS3wCP4WfOidu+p28LofJqDH1tcXypGrcmMHhDk2t9wGhCsYe/+szLTy1g==}
    engines: {node: '>=4'}
    dependencies:
      cssesc: 3.0.0
      util-deprecate: 1.0.2
    dev: true

  /postcss-value-parser@4.2.0:
    resolution: {integrity: sha512-1NNCs6uurfkVbeXG4S8JFT9t19m45ICnif8zWLd5oPSZ50QnwMfK+H3jv408d4jw/7Bttv5axS5IiHoLaVNHeQ==}
    dev: true

  /postcss@8.4.14:
    resolution: {integrity: sha512-E398TUmfAYFPBSdzgeieK2Y1+1cpdxJx8yXbK/m57nRhKSmk1GB2tO4lbLBtlkfPQTDKfe4Xqv1ASWPpayPEig==}
    engines: {node: ^10 || ^12 || >=14}
    dependencies:
      nanoid: 3.3.6
      picocolors: 1.0.0
      source-map-js: 1.0.2
    dev: false

  /postcss@8.4.21:
    resolution: {integrity: sha512-tP7u/Sn/dVxK2NnruI4H9BG+x+Wxz6oeZ1cJ8P6G/PZY0IKk4k/63TDsQf2kQq3+qoJeLm2kIBUNlZe3zgb4Zg==}
    engines: {node: ^10 || ^12 || >=14}
    dependencies:
      nanoid: 3.3.6
      picocolors: 1.0.0
      source-map-js: 1.0.2
    dev: true

  /prr@1.0.1:
    resolution: {integrity: sha512-yPw4Sng1gWghHQWj0B3ZggWUm4qVbPwPFcRG8KyxiU7J2OHFSoEHKS+EZ3fv5l1t9CyCiop6l/ZYeWbrgoQejw==}
    dev: true
    optional: true

  /psl@1.8.0:
    resolution: {integrity: sha512-RIdOzyoavK+hA18OGGWDqUTsCLhtA7IcZ/6NCs4fFJaHBDab+pDDmDIByWFRQJq2Cd7r1OoQxBGKOaztq+hjIQ==}
    dev: false

  /punycode@2.1.1:
    resolution: {integrity: sha512-XRsRjdf+j5ml+y/6GKHPZbrF/8p2Yga0JPtdqTIY2Xe5ohJPD9saDJJLPvp9+NSBprVvevdXZybnj2cv8OEd0A==}
    engines: {node: '>=6'}
    dev: false

  /qs@6.10.3:
    resolution: {integrity: sha512-wr7M2E0OFRfIfJZjKGieI8lBKb7fRCH4Fv5KNPEs7gJ8jadvotdsS08PzOKR7opXhZ/Xkjtt3WF9g38drmyRqQ==}
    engines: {node: '>=0.6'}
    dependencies:
      side-channel: 1.0.4
    dev: false

  /react-dom@18.2.0(react@18.2.0):
    resolution: {integrity: sha512-6IMTriUmvsjHUjNtEDudZfuDQUoWXVxKHhlEGSk81n4YFS+r/Kl99wXiwlVXtPBtJenozv2P+hxDsw9eA7Xo6g==}
    peerDependencies:
      react: ^18.2.0
    dependencies:
      loose-envify: 1.4.0
      react: 18.2.0
      scheduler: 0.23.0
    dev: false

  /react@18.2.0:
    resolution: {integrity: sha512-/3IjMdb2L9QbBdWiW5e3P2/npwMBaU9mHCSCUzNln0ZCYbcfTsGbTJrU/kGemdH2IWmB2ioZ+zkxtmq6g09fGQ==}
    engines: {node: '>=0.10.0'}
    dependencies:
      loose-envify: 1.4.0
    dev: false

  /readdirp@3.6.0:
    resolution: {integrity: sha512-hOS089on8RduqdbhvQ5Z37A0ESjsqz6qnRcffsMU3495FuTdqSm+7bhJ29JvIOsBDEEnan5DPu9t3To9VRlMzA==}
    engines: {node: '>=8.10.0'}
    dependencies:
      picomatch: 2.3.1

  /reserved-words@0.1.2:
    resolution: {integrity: sha512-0S5SrIUJ9LfpbVl4Yzij6VipUdafHrOTzvmfazSw/jeZrZtQK303OPZW+obtkaw7jQlTQppy0UvZWm9872PbRw==}
    dev: true

  /safe-buffer@5.2.1:
    resolution: {integrity: sha512-rp3So07KcdmmKbGvgaNxQSJr7bGVSVk5S9Eq1F+ppbRo70+YeaDxkw5Dd8NPN+GD6bjnYm2VuPuCXmpuYvmCXQ==}
    dev: false

  /safer-buffer@2.1.2:
    resolution: {integrity: sha512-YZo3K82SD7Riyi0E1EQPojLz7kpepnSQI9IyPbHHg1XXXevb5dJI7tpyN2ADxGcQbHG7vcyRHk0cbwqcQriUtg==}
    dev: true
    optional: true

  /sass@1.60.0:
    resolution: {integrity: sha512-updbwW6fNb5gGm8qMXzVO7V4sWf7LMXnMly/JEyfbfERbVH46Fn6q02BX7/eHTdKpE7d+oTkMMQpFWNUMfFbgQ==}
    engines: {node: '>=12.0.0'}
    hasBin: true
    dependencies:
      chokidar: 3.5.3
      immutable: 4.3.0
      source-map-js: 1.0.2

  /sax@1.2.4:
    resolution: {integrity: sha512-NqVDv9TpANUjFm0N8uM5GxL36UgKi9/atZw+x7YFnQ8ckwFGKrl4xX4yWtrey3UJm5nP1kUbnYgLopqWNSRhWw==}
    dev: true

  /scheduler@0.23.0:
    resolution: {integrity: sha512-CtuThmgHNg7zIZWAXi3AsyIzA3n4xx7aNyjwC2VJldO2LMVDhFK+63xGqq6CsJH4rTAt6/M+N4GhZiDYPx9eUw==}
    dependencies:
      loose-envify: 1.4.0
    dev: false

  /semver@5.7.1:
    resolution: {integrity: sha512-sauaDf/PZdVgrLTNYHRtpXa1iRiKcaebiKQ1BJdpQlWH2lCvexQdX55snPFyK7QzpudqbCI0qXFfOasHdyNDGQ==}
    hasBin: true
    dev: true
    optional: true

  /servie@4.3.3:
    resolution: {integrity: sha512-b0IrY3b1gVMsWvJppCf19g1p3JSnS0hQi6xu4Hi40CIhf0Lx8pQHcvBL+xunShpmOiQzg1NOia812NAWdSaShw==}
    dependencies:
      '@servie/events': 1.0.0
      byte-length: 1.0.2
      ts-expect: 1.3.0
    dev: false

  /side-channel@1.0.4:
    resolution: {integrity: sha512-q5XPytqFEIKHkGdiMIrY10mvLRvnQh42/+GoBlFW3b2LXLE2xxJpZFdm94we0BaoV3RwJyGqg5wS7epxTv0Zvw==}
    dependencies:
      call-bind: 1.0.2
      get-intrinsic: 1.1.1
      object-inspect: 1.12.0
    dev: false

  /source-map-js@1.0.2:
    resolution: {integrity: sha512-R0XvVJ9WusLiqTCEiGCmICCMplcCkIwwR11mOSD9CR5u+IXYdiseeEuXCVAjS54zqwkLcPNnmU4OeJ6tUrWhDw==}
    engines: {node: '>=0.10.0'}

  /source-map@0.6.1:
    resolution: {integrity: sha512-UjgapumWlbMhkBgzT7Ykc5YXUT46F0iKu8SGXq0bcwP5dz/h0Plj6enJqjz1Zbq2l5WaqYnrVbwWOWMyF3F47g==}
    engines: {node: '>=0.10.0'}
    requiresBuild: true
    dev: true
    optional: true

  /source-map@0.7.4:
    resolution: {integrity: sha512-l3BikUxvPOcn5E74dZiq5BGsTb5yEwhaTSzccU6t4sDOH8NWJCstKO5QT2CvtFoK6F0saL7p9xHAqHOlCPJygA==}
    engines: {node: '>= 8'}
    dev: true

  /strip-bom@3.0.0:
    resolution: {integrity: sha512-vavAMRXOgBVNF6nyEEmL3DBK19iRpDcoIwW+swQ+CbGiu7lju6t+JklA1MHweoWtadgt4ISVUsXLyDq34ddcwA==}
    engines: {node: '>=4'}
    dev: true

  /styled-jsx@5.1.1(react@18.2.0):
    resolution: {integrity: sha512-pW7uC1l4mBZ8ugbiZrcIsiIvVx1UmTfw7UkC3Um2tmfUq9Bhk8IiyEIPl6F8agHgjzku6j0xQEZbfA5uSgSaCw==}
    engines: {node: '>= 12.0.0'}
    peerDependencies:
      '@babel/core': '*'
      babel-plugin-macros: '*'
      react: '>= 16.8.0 || 17.x.x || ^18.0.0-0'
    peerDependenciesMeta:
      '@babel/core':
        optional: true
      babel-plugin-macros:
        optional: true
    dependencies:
      client-only: 0.0.1
      react: 18.2.0
    dev: false

  /stylus@0.59.0:
    resolution: {integrity: sha512-lQ9w/XIOH5ZHVNuNbWW8D822r+/wBSO/d6XvtyHLF7LW4KaCIDeVbvn5DF8fGCJAUCwVhVi/h6J0NUcnylUEjg==}
    hasBin: true
    dependencies:
      '@adobe/css-tools': 4.2.0
      debug: 4.3.4
      glob: 7.2.3
      sax: 1.2.4
      source-map: 0.7.4
    transitivePeerDependencies:
      - supports-color
    dev: true

  /throwback@4.1.0:
    resolution: {integrity: sha512-dLFe8bU8SeH0xeqeKL7BNo8XoPC/o91nz9/ooeplZPiso+DZukhoyZcSz9TFnUNScm+cA9qjU1m1853M6sPOng==}
    dev: false

  /to-regex-range@5.0.1:
    resolution: {integrity: sha512-65P7iz6X5yEr1cwcgvQxbbIw7Uk3gOy5dIdtZ4rDveLqhrdJP+Li/Hx6tyK0NEb+2GCyneCMJiGqrADCSNk8sQ==}
    engines: {node: '>=8.0'}
    dependencies:
      is-number: 7.0.0

  /tough-cookie@3.0.1:
    resolution: {integrity: sha512-yQyJ0u4pZsv9D4clxO69OEjLWYw+jbgspjTue4lTQZLfV0c5l1VmK2y1JK8E9ahdpltPOaAThPcp5nKPUgSnsg==}
    engines: {node: '>=6'}
    dependencies:
      ip-regex: 2.1.0
      psl: 1.8.0
      punycode: 2.1.1
    dev: false

  /ts-expect@1.3.0:
    resolution: {integrity: sha512-e4g0EJtAjk64xgnFPD6kTBUtpnMVzDrMb12N1YZV0VvSlhnVT3SGxiYTLdGy8Q5cYHOIC/FAHmZ10eGrAguicQ==}
    dev: false

  /tsconfig-paths@4.2.0:
    resolution: {integrity: sha512-NoZ4roiN7LnbKn9QqE1amc9DJfzvZXxF4xDavcOWt1BPkdx+m+0gJuPM+S0vCe7zTJMYUP0R8pO2XMr+Y8oLIg==}
    engines: {node: '>=6'}
    dependencies:
      json5: 2.2.3
      minimist: 1.2.8
      strip-bom: 3.0.0
    dev: true

  /tslib@2.5.0:
    resolution: {integrity: sha512-336iVw3rtn2BUK7ORdIAHTyxHGRIHVReokCR3XjbckJMK7ms8FysBfhLR8IXnAgy7T0PTPNBWKiH514FOW/WSg==}

  /typescript-plugin-css-modules@5.0.0(typescript@5.0.3):
    resolution: {integrity: sha512-fWqguBTVLnV9Xto3maYByUt4rfJdmZ5Z66TQ6jOHpIiU/RPDf/DCCtJPNYyWLQflrbimSawag8zE6EmrkYmuZQ==}
    peerDependencies:
      typescript: '>=4.0.0'
    dependencies:
      '@types/postcss-modules-local-by-default': 4.0.0
      '@types/postcss-modules-scope': 3.0.1
      dotenv: 16.0.3
      icss-utils: 5.1.0(postcss@8.4.21)
      less: 4.1.3
      lodash.camelcase: 4.3.0
      postcss: 8.4.21
      postcss-load-config: 3.1.4(postcss@8.4.21)
      postcss-modules-extract-imports: 3.0.0(postcss@8.4.21)
      postcss-modules-local-by-default: 4.0.0(postcss@8.4.21)
      postcss-modules-scope: 3.0.0(postcss@8.4.21)
      reserved-words: 0.1.2
      sass: 1.60.0
      source-map-js: 1.0.2
      stylus: 0.59.0
      tsconfig-paths: 4.2.0
      typescript: 5.0.3
    transitivePeerDependencies:
      - supports-color
      - ts-node
    dev: true

  /typescript@5.0.3:
    resolution: {integrity: sha512-xv8mOEDnigb/tN9PSMTwSEqAnUvkoXMQlicOb0IUVDBSQCgBSaAAROUZYy2IcUy5qU6XajK5jjjO7TMWqBTKZA==}
    engines: {node: '>=12.20'}
    hasBin: true
    dev: true

  /util-deprecate@1.0.2:
    resolution: {integrity: sha512-EPD5q1uXyFxJpCrLnCc1nHnq3gOa6DZBocAIiI2TaSCA7VCJ1UJDMagCzIkXNsUYfD1daK//LTEQ8xiIbrHtcw==}
    dev: true

  /wrappy@1.0.2:
    resolution: {integrity: sha512-l4Sp/DRseor9wL6EvV2+TuQn63dMkPjZ/sp9XkghTEbV9KlPS1xUsZ3u7/IQO4wxtcFB4bgpQPRcR3QCvezPcQ==}
    dev: true

  /yaml@1.10.2:
    resolution: {integrity: sha512-r3vXyErRCYJ7wg28yvBY5VSoAF8ZvlcW9/BwUzEtUsjvX/DKs24dIkuwjtuprwJJHsbyUbLApepYTR1BN4uHrg==}
    engines: {node: '>= 6'}
    dev: true
